
Microsoft Visual Studio Solution File, Format Version 12.00
# Visual Studio Version 16
VisualStudioVersion = 16.0.28803.156
MinimumVisualStudioVersion = 10.0.40219.1
Project("{FAE04EC0-301F-11D3-BF4B-00C04F79EFBC}") = "DataBinding", "DataBinding\DataBinding.csproj", "{70FFC86B-9F7F-40F4-B1DA-BD4135D9BE8A}"
EndProject
Project("{FAE04EC0-301F-11D3-BF4B-00C04F79EFBC}") = "DataBinding.Tests", "DataBinding.Tests\DataBinding.Tests.csproj", "{E278849B-678E-4022-992B-9760CDD1BEAF}"
EndProject
Global
	GlobalSection(SolutionConfigurationPlatforms) = preSolution
		Debug|Any CPU = Debug|Any CPU
		Release|Any CPU = Release|Any CPU
	EndGlobalSection
	GlobalSection(ProjectConfigurationPlatforms) = postSolution
		{70FFC86B-9F7F-40F4-B1DA-BD4135D9BE8A}.Debug|Any CPU.ActiveCfg = Debug|Any CPU
		{70FFC86B-9F7F-40F4-B1DA-BD4135D9BE8A}.Debug|Any CPU.Build.0 = Debug|Any CPU
		{70FFC86B-9F7F-40F4-B1DA-BD4135D9BE8A}.Release|Any CPU.ActiveCfg = Release|Any CPU
		{70FFC86B-9F7F-40F4-B1DA-BD4135D9BE8A}.Release|Any CPU.Build.0 = Release|Any CPU
		{E278849B-678E-4022-992B-9760CDD1BEAF}.Debug|Any CPU.ActiveCfg = Debug|Any CPU
		{E278849B-678E-4022-992B-9760CDD1BEAF}.Debug|Any CPU.Build.0 = Debug|Any CPU
		{E278849B-678E-4022-992B-9760CDD1BEAF}.Release|Any CPU.ActiveCfg = Release|Any CPU
		{E278849B-678E-4022-992B-9760CDD1BEAF}.Release|Any CPU.Build.0 = Release|Any CPU
	EndGlobalSection
	GlobalSection(SolutionProperties) = preSolution
		HideSolutionNode = FALSE
	EndGlobalSection
	GlobalSection(ExtensibilityGlobals) = postSolution
		SolutionGuid = {47D10F6B-8E1A-4EB2-AB2B-0B800BFD448E}
	EndGlobalSection
EndGlobal
